
Microsoft Visual Studio Solution File, Format Version 12.00
# Visual Studio Version 16
VisualStudioVersion = 16.0.30503.244
MinimumVisualStudioVersion = 10.0.40219.1
Project("{FAE04EC0-301F-11D3-BF4B-00C04F79EFBC}") = "VL_Barcode_Utility", "BarcodeScannerUSBTester\VL_Barcode_Utility.csproj", "{E1B28913-4904-41E9-B715-5302890919AA}"
EndProject
Global
	GlobalSection(SolutionConfigurationPlatforms) = preSolution
		Debug|Any CPU = Debug|Any CPU
		Release|Any CPU = Release|Any CPU
	EndGlobalSection
	GlobalSection(ProjectConfigurationPlatforms) = postSolution
		{E1B28913-4904-41E9-B715-5302890919AA}.Debug|Any CPU.ActiveCfg = Debug|Any CPU
		{E1B28913-4904-41E9-B715-5302890919AA}.Debug|Any CPU.Build.0 = Debug|Any CPU
		{E1B28913-4904-41E9-B715-5302890919AA}.Release|Any CPU.ActiveCfg = Release|Any CPU
		{E1B28913-4904-41E9-B715-5302890919AA}.Release|Any CPU.Build.0 = Release|Any CPU
	EndGlobalSection
	GlobalSection(SolutionProperties) = preSolution
		HideSolutionNode = FALSE
	EndGlobalSection
	GlobalSection(ExtensibilityGlobals) = postSolution
		SolutionGuid = {33505535-70E3-4B16-851A-9BD1E563E3F1}
	EndGlobalSection
EndGlobal
